Microsoft Visual Studio Solution File, Format Version 11.00
# Visual Studio 2008

Project("{84F2A81E-5C31-F577-C835-C557044A5767}") = "Bangor_Benchmark_V0.2", "Assembly-CSharp-firstpass-vs.csproj", "{929DE105-FDD7-CB90-E40E-6A24327ABD18}"
EndProject
Project("{84F2A81E-5C31-F577-C835-C557044A5767}") = "Bangor_Benchmark_V0.2", "Assembly-CSharp-vs.csproj", "{4D8F17CA-713D-6116-D81A-4D88C711E572}"
EndProject
Global
	GlobalSection(SolutionConfigurationPlatforms) = preSolution
		Debug|Any CPU = Debug|Any CPU
		Release|Any CPU = Release|Any CPU
	EndGlobalSection
	GlobalSection(ProjectConfigurationPlatforms) = postSolution
		{929DE105-FDD7-CB90-E40E-6A24327ABD18}.Debug|Any CPU.ActiveCfg = Debug|Any CPU
		{929DE105-FDD7-CB90-E40E-6A24327ABD18}.Debug|Any CPU.Build.0 = Debug|Any CPU
		{929DE105-FDD7-CB90-E40E-6A24327ABD18}.Release|Any CPU.ActiveCfg = Release|Any CPU
		{929DE105-FDD7-CB90-E40E-6A24327ABD18}.Release|Any CPU.Build.0 = Release|Any CPU
		{4D8F17CA-713D-6116-D81A-4D88C711E572}.Debug|Any CPU.ActiveCfg = Debug|Any CPU
		{4D8F17CA-713D-6116-D81A-4D88C711E572}.Debug|Any CPU.Build.0 = Debug|Any CPU
		{4D8F17CA-713D-6116-D81A-4D88C711E572}.Release|Any CPU.ActiveCfg = Release|Any CPU
		{4D8F17CA-713D-6116-D81A-4D88C711E572}.Release|Any CPU.Build.0 = Release|Any CPU
	EndGlobalSection
	GlobalSection(SolutionProperties) = preSolution
		HideSolutionNode = FALSE
	EndGlobalSection
																																												GlobalSection(MonoDevelopProperties) = preSolution
		StartupItem = Assembly-CSharp.csproj
		Policies = $0
		$0.TextStylePolicy = $1
		$1.inheritsSet = null
		$1.scope = text/x-csharp
		$0.CSharpFormattingPolicy = $2
		$2.inheritsSet = Mono
		$2.inheritsScope = text/x-csharp
		$2.scope = text/x-csharp
		$0.TextStylePolicy = $3
		$3.FileWidth = 120
		$3.TabWidth = 4
		$3.EolMarker = Unix
		$3.inheritsSet = Mono
		$3.inheritsScope = text/plain
		$3.scope = text/plain
	EndGlobalSection

EndGlobal
