Microsoft Visual Studio Solution File, Format Version 11.00
# Visual Studio 2008

Project("{431978B3-9DD5-20CA-FC6C-9741F528BD33}") = "bangor-benchmark", "Assembly-CSharp-firstpass.csproj", "{913A72E3-C5F7-D73A-1BC5-0E3D304ACE51}"
EndProject
Project("{431978B3-9DD5-20CA-FC6C-9741F528BD33}") = "bangor-benchmark", "Assembly-CSharp.csproj", "{ADE9C20B-9E21-F277-FACF-24AC86A9FB6A}"
EndProject
Project("{431978B3-9DD5-20CA-FC6C-9741F528BD33}") = "bangor-benchmark", "Assembly-CSharp-Editor.csproj", "{4BCA67BC-BF8A-7B67-412C-BA4B79803FB3}"
EndProject
Project("{431978B3-9DD5-20CA-FC6C-9741F528BD33}") = "bangor-benchmark", "Assembly-UnityScript-firstpass.unityproj", "{68791FB4-1A60-849A-B14A-5C7D4AC0C892}"
EndProject
Project("{431978B3-9DD5-20CA-FC6C-9741F528BD33}") = "bangor-benchmark", "Assembly-UnityScript.unityproj", "{7087B1A5-D7F4-1ACA-9A8D-6E01C95E0517}"
EndProject
Project("{431978B3-9DD5-20CA-FC6C-9741F528BD33}") = "bangor-benchmark", "Assembly-UnityScript-Editor.unityproj", "{1ADD2AA5-37BC-290C-7021-28445299F71C}"
EndProject
Global
	GlobalSection(SolutionConfigurationPlatforms) = preSolution
		Debug|Any CPU = Debug|Any CPU
		Release|Any CPU = Release|Any CPU
	EndGlobalSection
	GlobalSection(ProjectConfigurationPlatforms) = postSolution
		{913A72E3-C5F7-D73A-1BC5-0E3D304ACE51}.Debug|Any CPU.ActiveCfg = Debug|Any CPU
		{913A72E3-C5F7-D73A-1BC5-0E3D304ACE51}.Debug|Any CPU.Build.0 = Debug|Any CPU
		{913A72E3-C5F7-D73A-1BC5-0E3D304ACE51}.Release|Any CPU.ActiveCfg = Release|Any CPU
		{913A72E3-C5F7-D73A-1BC5-0E3D304ACE51}.Release|Any CPU.Build.0 = Release|Any CPU
		{ADE9C20B-9E21-F277-FACF-24AC86A9FB6A}.Debug|Any CPU.ActiveCfg = Debug|Any CPU
		{ADE9C20B-9E21-F277-FACF-24AC86A9FB6A}.Debug|Any CPU.Build.0 = Debug|Any CPU
		{ADE9C20B-9E21-F277-FACF-24AC86A9FB6A}.Release|Any CPU.ActiveCfg = Release|Any CPU
		{ADE9C20B-9E21-F277-FACF-24AC86A9FB6A}.Release|Any CPU.Build.0 = Release|Any CPU
		{4BCA67BC-BF8A-7B67-412C-BA4B79803FB3}.Debug|Any CPU.ActiveCfg = Debug|Any CPU
		{4BCA67BC-BF8A-7B67-412C-BA4B79803FB3}.Debug|Any CPU.Build.0 = Debug|Any CPU
		{4BCA67BC-BF8A-7B67-412C-BA4B79803FB3}.Release|Any CPU.ActiveCfg = Release|Any CPU
		{4BCA67BC-BF8A-7B67-412C-BA4B79803FB3}.Release|Any CPU.Build.0 = Release|Any CPU
		{68791FB4-1A60-849A-B14A-5C7D4AC0C892}.Debug|Any CPU.ActiveCfg = Debug|Any CPU
		{68791FB4-1A60-849A-B14A-5C7D4AC0C892}.Debug|Any CPU.Build.0 = Debug|Any CPU
		{68791FB4-1A60-849A-B14A-5C7D4AC0C892}.Release|Any CPU.ActiveCfg = Release|Any CPU
		{68791FB4-1A60-849A-B14A-5C7D4AC0C892}.Release|Any CPU.Build.0 = Release|Any CPU
		{7087B1A5-D7F4-1ACA-9A8D-6E01C95E0517}.Debug|Any CPU.ActiveCfg = Debug|Any CPU
		{7087B1A5-D7F4-1ACA-9A8D-6E01C95E0517}.Debug|Any CPU.Build.0 = Debug|Any CPU
		{7087B1A5-D7F4-1ACA-9A8D-6E01C95E0517}.Release|Any CPU.ActiveCfg = Release|Any CPU
		{7087B1A5-D7F4-1ACA-9A8D-6E01C95E0517}.Release|Any CPU.Build.0 = Release|Any CPU
		{1ADD2AA5-37BC-290C-7021-28445299F71C}.Debug|Any CPU.ActiveCfg = Debug|Any CPU
		{1ADD2AA5-37BC-290C-7021-28445299F71C}.Debug|Any CPU.Build.0 = Debug|Any CPU
		{1ADD2AA5-37BC-290C-7021-28445299F71C}.Release|Any CPU.ActiveCfg = Release|Any CPU
		{1ADD2AA5-37BC-290C-7021-28445299F71C}.Release|Any CPU.Build.0 = Release|Any CPU
	EndGlobalSection
	GlobalSection(SolutionProperties) = preSolution
		HideSolutionNode = FALSE
	EndGlobalSection
																																																																	GlobalSection(MonoDevelopProperties) = preSolution
		StartupItem = Assembly-CSharp.csproj
		Policies = $0
		$0.TextStylePolicy = $1
		$1.inheritsSet = null
		$1.scope = text/x-csharp
		$0.CSharpFormattingPolicy = $2
		$2.inheritsSet = Mono
		$2.inheritsScope = text/x-csharp
		$2.scope = text/x-csharp
		$0.TextStylePolicy = $3
		$3.FileWidth = 120
		$3.TabWidth = 4
		$3.IndentWidth = 4
		$3.EolMarker = Unix
		$3.inheritsSet = Mono
		$3.inheritsScope = text/plain
		$3.scope = text/plain
	EndGlobalSection

EndGlobal
